// !$*UTF8*$!
{
	archiveVersion = 1;
	classes = {
	};
	objectVersion = 48;
	objects = {

/* Begin PBXBuildFile section */
		D372A144203F17A000D91086 /* AppDelegate.swift in Sources */ = {isa = PBXBuildFile; fileRef = D372A143203F17A000D91086 /* AppDelegate.swift */; };
		D372A146203F17A000D91086 /* ViewController.swift in Sources */ = {isa = PBXBuildFile; fileRef = D372A145203F17A000D91086 /* ViewController.swift */; };
		D372A149203F17A000D91086 /* Main.storyboard in Resources */ = {isa = PBXBuildFile; fileRef = D372A147203F17A000D91086 /* Main.storyboard */; };
		D372A14B203F17A000D91086 /* Assets.xcassets in Resources */ = {isa = PBXBuildFile; fileRef = D372A14A203F17A000D91086 /* Assets.xcassets */; };
		D372A14E203F17A000D91086 /* LaunchScreen.storyboard in Resources */ = {isa = PBXBuildFile; fileRef = D372A14C203F17A000D91086 /* LaunchScreen.storyboard */; };
		D372A159203F17A100D91086 /* TodoListTests.swift in Sources */ = {isa = PBXBuildFile; fileRef = D372A158203F17A100D91086 /* TodoListTests.swift */; };
		D372A164203F17A100D91086 /* TodoListUITests.swift in Sources */ = {isa = PBXBuildFile; fileRef = D372A163203F17A100D91086 /* TodoListUITests.swift */; };
/* End PBXBuildFile section */

/* Begin PBXContainerItemProxy section */
		D372A155203F17A100D91086 /* PBXContainerItemProxy */ = {
			isa = PBXContainerItemProxy;
			containerPortal = D372A138203F17A000D91086 /* Project object */;
			proxyType = 1;
			remoteGlobalIDString = D372A13F203F17A000D91086;
			remoteInfo = TodoList;
		};
		D372A160203F17A100D91086 /* PBXContainerItemProxy */ = {
			isa = PBXContainerItemProxy;
			containerPortal = D372A138203F17A000D91086 /* Project object */;
			proxyType = 1;
			remoteGlobalIDString = D372A13F203F17A000D91086;
			remoteInfo = TodoList;
		};
/* End PBXContainerItemProxy section */

/* Begin PBXFileReference section */
		D372A140203F17A000D91086 /* TodoList.app */ = {isa = PBXFileReference; explicitFileType = wrapper.application; includeInIndex = 0; path = TodoList.app; sourceTree = BUILT_PRODUCTS_DIR; };
		D372A143203F17A000D91086 /* AppDelegate.swift */ = {isa = PBXFileReference; lastKnownFileType = sourcecode.swift; path = AppDelegate.swift; sourceTree = "<group>"; };
		D372A145203F17A000D91086 /* ViewController.swift */ = {isa = PBXFileReference; lastKnownFileType = sourcecode.swift; path = ViewController.swift; sourceTree = "<group>"; };
		D372A148203F17A000D91086 /* Base */ = {isa = PBXFileReference; lastKnownFileType = file.storyboard; name = Base; path = Base.lproj/Main.storyboard; sourceTree = "<group>"; };
		D372A14A203F17A000D91086 /* Assets.xcassets */ = {isa = PBXFileReference; lastKnownFileType = folder.assetcatalog; path = Assets.xcassets; sourceTree = "<group>"; };
		D372A14D203F17A000D91086 /* Base */ = {isa = PBXFileReference; lastKnownFileType = file.storyboard; name = Base; path = Base.lproj/LaunchScreen.storyboard; sourceTree = "<group>"; };
		D372A14F203F17A100D91086 /* Info.plist */ = {isa = PBXFileReference; lastKnownFileType = text.plist.xml; path = Info.plist; sourceTree = "<group>"; };
		D372A154203F17A100D91086 /* TodoListTests.xctest */ = {isa = PBXFileReference; explicitFileType = wrapper.cfbundle; includeInIndex = 0; path = TodoListTests.xctest; sourceTree = BUILT_PRODUCTS_DIR; };
		D372A158203F17A100D91086 /* TodoListTests.swift */ = {isa = PBXFileReference; lastKnownFileType = sourcecode.swift; path = TodoListTests.swift; sourceTree = "<group>"; };
		D372A15A203F17A100D91086 /* Info.plist */ = {isa = PBXFileReference; lastKnownFileType = text.plist.xml; path = Info.plist; sourceTree = "<group>"; };
		D372A15F203F17A100D91086 /* TodoListUITests.xctest */ = {isa = PBXFileReference; explicitFileType = wrapper.cfbundle; includeInIndex = 0; path = TodoListUITests.xctest; sourceTree = BUILT_PRODUCTS_DIR; };
		D372A163203F17A100D91086 /* TodoListUITests.swift */ = {isa = PBXFileReference; lastKnownFileType = sourcecode.swift; path = TodoListUITests.swift; sourceTree = "<group>"; };
		D372A165203F17A100D91086 /* Info.plist */ = {isa = PBXFileReference; lastKnownFileType = text.plist.xml; path = Info.plist; sourceTree = "<group>"; };
/* End PBXFileReference section */

/* Begin PBXFrameworksBuildPhase section */
		D372A13D203F17A000D91086 /* Frameworks */ = {
			isa = PBXFrameworksBuildPhase;
			buildActionMask = 2147483647;
			files = (
			);
			runOnlyForDeploymentPostprocessing = 0;
		};
		D372A151203F17A100D91086 /* Frameworks */ = {
			isa = PBXFrameworksBuildPhase;
			buildActionMask = 2147483647;
			files = (
			);
			runOnlyForDeploymentPostprocessing = 0;
		};
		D372A15C203F17A100D91086 /* Frameworks */ = {
			isa = PBXFrameworksBuildPhase;
			buildActionMask = 2147483647;
			files = (
			);
			runOnlyForDeploymentPostprocessing = 0;
		};
/* End PBXFrameworksBuildPhase section */

/* Begin PBXGroup section */
		D372A137203F17A000D91086 = {
			isa = PBXGroup;
			children = (
				D372A142203F17A000D91086 /* TodoList */,
				D372A157203F17A100D91086 /* TodoListTests */,
				D372A162203F17A100D91086 /* TodoListUITests */,
				D372A141203F17A000D91086 /* Products */,
			);
			sourceTree = "<group>";
		};
		D372A141203F17A000D91086 /* Products */ = {
			isa = PBXGroup;
			children = (
				D372A140203F17A000D91086 /* TodoList.app */,
				D372A154203F17A100D91086 /* TodoListTests.xctest */,
				D372A15F203F17A100D91086 /* TodoListUITests.xctest */,
			);
			name = Products;
			sourceTree = "<group>";
		};
		D372A142203F17A000D91086 /* TodoList */ = {
			isa = PBXGroup;
			children = (
				D372A143203F17A000D91086 /* AppDelegate.swift */,
				D372A145203F17A000D91086 /* ViewController.swift */,
				D372A147203F17A000D91086 /* Main.storyboard */,
				D372A14A203F17A000D91086 /* Assets.xcassets */,
				D372A14C203F17A000D91086 /* LaunchScreen.storyboard */,
				D372A14F203F17A100D91086 /* Info.plist */,
			);
			path = TodoList;
			sourceTree = "<group>";
		};
		D372A157203F17A100D91086 /* TodoListTests */ = {
			isa = PBXGroup;
			children = (
				D372A158203F17A100D91086 /* TodoListTests.swift */,
				D372A15A203F17A100D91086 /* Info.plist */,
			);
			path = TodoListTests;
			sourceTree = "<group>";
		};
		D372A162203F17A100D91086 /* TodoListUITests */ = {
			isa = PBXGroup;
			children = (
				D372A163203F17A100D91086 /* TodoListUITests.swift */,
				D372A165203F17A100D91086 /* Info.plist */,
			);
			path = TodoListUITests;
			sourceTree = "<group>";
		};
/* End PBXGroup section */

/* Begin PBXNativeTarget section */
		D372A13F203F17A000D91086 /* TodoList */ = {
			isa = PBXNativeTarget;
			buildConfigurationList = D372A168203F17A100D91086 /* Build configuration list for PBXNativeTarget "TodoList" */;
			buildPhases = (
				D372A13C203F17A000D91086 /* Sources */,
				D372A13D203F17A000D91086 /* Frameworks */,
				D372A13E203F17A000D91086 /* Resources */,
			);
			buildRules = (
			);
			dependencies = (
			);
			name = TodoList;
			productName = TodoList;
			productReference = D372A140203F17A000D91086 /* TodoList.app */;
			productType = "com.apple.product-type.application";
		};
		D372A153203F17A100D91086 /* TodoListTests */ = {
			isa = PBXNativeTarget;
			buildConfigurationList = D372A16B203F17A100D91086 /* Build configuration list for PBXNativeTarget "TodoListTests" */;
			buildPhases = (
				D372A150203F17A100D91086 /* Sources */,
				D372A151203F17A100D91086 /* Frameworks */,
				D372A152203F17A100D91086 /* Resources */,
			);
			buildRules = (
			);
			dependencies = (
				D372A156203F17A100D91086 /* PBXTargetDependency */,
			);
			name = TodoListTests;
			productName = TodoListTests;
			productReference = D372A154203F17A100D91086 /* TodoListTests.xctest */;
			productType = "com.apple.product-type.bundle.unit-test";
		};
		D372A15E203F17A100D91086 /* TodoListUITests */ = {
			isa = PBXNativeTarget;
			buildConfigurationList = D372A16E203F17A100D91086 /* Build configuration list for PBXNativeTarget "TodoListUITests" */;
			buildPhases = (
				D372A15B203F17A100D91086 /* Sources */,
				D372A15C203F17A100D91086 /* Frameworks */,
				D372A15D203F17A100D91086 /* Resources */,
			);
			buildRules = (
			);
			dependencies = (
				D372A161203F17A100D91086 /* PBXTargetDependency */,
			);
			name = TodoListUITests;
			productName = TodoListUITests;
			productReference = D372A15F203F17A100D91086 /* TodoListUITests.xctest */;
			productType = "com.apple.product-type.bundle.ui-testing";
		};
/* End PBXNativeTarget section */

/* Begin PBXProject section */
		D372A138203F17A000D91086 /* Project object */ = {
			isa = PBXProject;
			attributes = {
				LastSwiftUpdateCheck = 0900;
				LastUpgradeCheck = 0900;
				ORGANIZATIONNAME = "Alexey Gulyaev";
				TargetAttributes = {
					D372A13F203F17A000D91086 = {
						CreatedOnToolsVersion = 9.0;
						ProvisioningStyle = Automatic;
					};
					D372A153203F17A100D91086 = {
						CreatedOnToolsVersion = 9.0;
						ProvisioningStyle = Automatic;
						TestTargetID = D372A13F203F17A000D91086;
					};
					D372A15E203F17A100D91086 = {
						CreatedOnToolsVersion = 9.0;
						ProvisioningStyle = Automatic;
						TestTargetID = D372A13F203F17A000D91086;
					};
				};
			};
			buildConfigurationList = D372A13B203F17A000D91086 /* Build configuration list for PBXProject "TodoList" */;
			compatibilityVersion = "Xcode 8.0";
			developmentRegion = en;
			hasScannedForEncodings = 0;
			knownRegions = (
				en,
				Base,
			);
			mainGroup = D372A137203F17A000D91086;
			productRefGroup = D372A141203F17A000D91086 /* Products */;
			projectDirPath = "";
			projectRoot = "";
			targets = (
				D372A13F203F17A000D91086 /* TodoList */,
				D372A153203F17A100D91086 /* TodoListTests */,
				D372A15E203F17A100D91086 /* TodoListUITests */,
			);
		};
/* End PBXProject section */

/* Begin PBXResourcesBuildPhase section */
		D372A13E203F17A000D91086 /* Resources */ = {
			isa = PBXResourcesBuildPhase;
			buildActionMask = 2147483647;
			files = (
				D372A14E203F17A000D91086 /* LaunchScreen.storyboard in Resources */,
				D372A14B203F17A000D91086 /* Assets.xcassets in Resources */,
				D372A149203F17A000D91086 /* Main.storyboard in Resources */,
			);
			runOnlyForDeploymentPostprocessing = 0;
		};
		D372A152203F17A100D91086 /* Resources */ = {
			isa = PBXResourcesBuildPhase;
			buildActionMask = 2147483647;
			files = (
			);
			runOnlyForDeploymentPostprocessing = 0;
		};
		D372A15D203F17A100D91086 /* Resources */ = {
			isa = PBXResourcesBuildPhase;
			buildActionMask = 2147483647;
			files = (
			);
			runOnlyForDeploymentPostprocessing = 0;
		};
/* End PBXResourcesBuildPhase section */

/* Begin PBXSourcesBuildPhase section */
		D372A13C203F17A000D91086 /* Sources */ = {
			isa = PBXSourcesBuildPhase;
			buildActionMask = 2147483647;
			files = (
				D372A146203F17A000D91086 /* ViewController.swift in Sources */,
				D372A144203F17A000D91086 /* AppDelegate.swift in Sources */,
			);
			runOnlyForDeploymentPostprocessing = 0;
		};
		D372A150203F17A100D91086 /* Sources */ = {
			isa = PBXSourcesBuildPhase;
			buildActionMask = 2147483647;
			files = (
				D372A159203F17A100D91086 /* TodoListTests.swift in Sources */,
			);
			runOnlyForDeploymentPostprocessing = 0;
		};
		D372A15B203F17A100D91086 /* Sources */ = {
			isa = PBXSourcesBuildPhase;
			buildActionMask = 2147483647;
			files = (
				D372A164203F17A100D91086 /* TodoListUITests.swift in Sources */,
			);
			runOnlyForDeploymentPostprocessing = 0;
		};
/* End PBXSourcesBuildPhase section */

/* Begin PBXTargetDependency section */
		D372A156203F17A100D91086 /* PBXTargetDependency */ = {
			isa = PBXTargetDependency;
			target = D372A13F203F17A000D91086 /* TodoList */;
			targetProxy = D372A155203F17A100D91086 /* PBXContainerItemProxy */;
		};
		D372A161203F17A100D91086 /* PBXTargetDependency */ = {
			isa = PBXTargetDependency;
			target = D372A13F203F17A000D91086 /* TodoList */;
			targetProxy = D372A160203F17A100D91086 /* PBXContainerItemProxy */;
		};
/* End PBXTargetDependency section */

/* Begin PBXVariantGroup section */
		D372A147203F17A000D91086 /* Main.storyboard */ = {
			isa = PBXVariantGroup;
			children = (
				D372A148203F17A000D91086 /* Base */,
			);
			name = Main.storyboard;
			sourceTree = "<group>";
		};
		D372A14C203F17A000D91086 /* LaunchScreen.storyboard */ = {
			isa = PBXVariantGroup;
			children = (
				D372A14D203F17A000D91086 /* Base */,
			);
			name = LaunchScreen.storyboard;
			sourceTree = "<group>";
		};
/* End PBXVariantGroup section */

/* Begin XCBuildConfiguration section */
		D372A166203F17A100D91086 /* Debug */ = {
			isa = XCBuildConfiguration;
			buildSettings = {
				ALWAYS_SEARCH_USER_PATHS = NO;
				CLANG_ANALYZER_NONNULL = YES;
				CLANG_ANALYZER_NUMBER_OBJECT_CONVERSION = YES_AGGRESSIVE;
				CLANG_CXX_LANGUAGE_STANDARD = "gnu++14";
				CLANG_CXX_LIBRARY = "libc++";
				CLANG_ENABLE_MODULES = YES;
				CLANG_ENABLE_OBJC_ARC = YES;
				CLANG_WARN_BLOCK_CAPTURE_AUTORELEASING = YES;
				CLANG_WARN_BOOL_CONVERSION = YES;
				CLANG_WARN_COMMA = YES;
				CLANG_WARN_CONSTANT_CONVERSION = YES;
				CLANG_WARN_DIRECT_OBJC_ISA_USAGE = YES_ERROR;
				CLANG_WARN_DOCUMENTATION_COMMENTS = YES;
				CLANG_WARN_EMPTY_BODY = YES;
				CLANG_WARN_ENUM_CONVERSION = YES;
				CLANG_WARN_INFINITE_RECURSION = YES;
				CLANG_WARN_INT_CONVERSION = YES;
				CLANG_WARN_NON_LITERAL_NULL_CONVERSION = YES;
				CLANG_WARN_OBJC_LITERAL_CONVERSION = YES;
				CLANG_WARN_OBJC_ROOT_CLASS = YES_ERROR;
				CLANG_WARN_RANGE_LOOP_ANALYSIS = YES;
				CLANG_WARN_STRICT_PROTOTYPES = YES;
				CLANG_WARN_SUSPICIOUS_MOVE = YES;
				CLANG_WARN_UNGUARDED_AVAILABILITY = YES_AGGRESSIVE;
				CLANG_WARN_UNREACHABLE_CODE = YES;
				CLANG_WARN__DUPLICATE_METHOD_MATCH = YES;
				CODE_SIGN_IDENTITY = "iPhone Developer";
				COPY_PHASE_STRIP = NO;
				DEBUG_INFORMATION_FORMAT = dwarf;
				ENABLE_STRICT_OBJC_MSGSEND = YES;
				ENABLE_TESTABILITY = YES;
				GCC_C_LANGUAGE_STANDARD = gnu11;
				GCC_DYNAMIC_NO_PIC = NO;
				GCC_NO_COMMON_BLOCKS = YES;
				GCC_OPTIMIZATION_LEVEL = 0;
				GCC_PREPROCESSOR_DEFINITIONS = (
					"DEBUG=1",
					"$(inherited)",
				);
				GCC_WARN_64_TO_32_BIT_CONVERSION = YES;
				GCC_WARN_ABOUT_RETURN_TYPE = YES_ERROR;
				GCC_WARN_UNDECLARED_SELECTOR = YES;
				GCC_WARN_UNINITIALIZED_AUTOS = YES_AGGRESSIVE;
				GCC_WARN_UNUSED_FUNCTION = YES;
				GCC_WARN_UNUSED_VARIABLE = YES;
				IPHONEOS_DEPLOYMENT_TARGET = 11.0;
				MTL_ENABLE_DEBUG_INFO = YES;
				ONLY_ACTIVE_ARCH = YES;
				SDKROOT = iphoneos;
				SWIFT_ACTIVE_COMPILATION_CONDITIONS = DEBUG;
				SWIFT_OPTIMIZATION_LEVEL = "-Onone";
			};
			name = Debug;
		};
		D372A167203F17A100D91086 /* Release */ = {
			isa = XCBuildConfiguration;
			buildSettings = {
				ALWAYS_SEARCH_USER_PATHS = NO;
				CLANG_ANALYZER_NONNULL = YES;
				CLANG_ANALYZER_NUMBER_OBJECT_CONVERSION = YES_AGGRESSIVE;
				CLANG_CXX_LANGUAGE_STANDARD = "gnu++14";
				CLANG_CXX_LIBRARY = "libc++";
				CLANG_ENABLE_MODULES = YES;
				CLANG_ENABLE_OBJC_ARC = YES;
				CLANG_WARN_BLOCK_CAPTURE_AUTORELEASING = YES;
				CLANG_WARN_BOOL_CONVERSION = YES;
				CLANG_WARN_COMMA = YES;
				CLANG_WARN_CONSTANT_CONVERSION = YES;
				CLANG_WARN_DIRECT_OBJC_ISA_USAGE = YES_ERROR;
				CLANG_WARN_DOCUMENTATION_COMMENTS = YES;
				CLANG_WARN_EMPTY_BODY = YES;
				CLANG_WARN_ENUM_CONVERSION = YES;
				CLANG_WARN_INFINITE_RECURSION = YES;
				CLANG_WARN_INT_CONVERSION = YES;
				CLANG_WARN_NON_LITERAL_NULL_CONVERSION = YES;
				CLANG_WARN_OBJC_LITERAL_CONVERSION = YES;
				CLANG_WARN_OBJC_ROOT_CLASS = YES_ERROR;
				CLANG_WARN_RANGE_LOOP_ANALYSIS = YES;
				CLANG_WARN_STRICT_PROTOTYPES = YES;
				CLANG_WARN_SUSPICIOUS_MOVE = YES;
				CLANG_WARN_UNGUARDED_AVAILABILITY = YES_AGGRESSIVE;
				CLANG_WARN_UNREACHABLE_CODE = YES;
				CLANG_WARN__DUPLICATE_METHOD_MATCH = YES;
				CODE_SIGN_IDENTITY = "iPhone Developer";
				COPY_PHASE_STRIP = NO;
				DEBUG_INFORMATION_FORMAT = "dwarf-with-dsym";
				ENABLE_NS_ASSERTIONS = NO;
				ENABLE_STRICT_OBJC_MSGSEND = YES;
				GCC_C_LANGUAGE_STANDARD = gnu11;
				GCC_NO_COMMON_BLOCKS = YES;
				GCC_WARN_64_TO_32_BIT_CONVERSION = YES;
				GCC_WARN_ABOUT_RETURN_TYPE = YES_ERROR;
				GCC_WARN_UNDECLARED_SELECTOR = YES;
				GCC_WARN_UNINITIALIZED_AUTOS = YES_AGGRESSIVE;
				GCC_WARN_UNUSED_FUNCTION = YES;
				GCC_WARN_UNUSED_VARIABLE = YES;
				IPHONEOS_DEPLOYMENT_TARGET = 11.0;
				MTL_ENABLE_DEBUG_INFO = NO;
				SDKROOT = iphoneos;
				SWIFT_OPTIMIZATION_LEVEL = "-Owholemodule";
				VALIDATE_PRODUCT = YES;
			};
			name = Release;
		};
		D372A169203F17A100D91086 /* Debug */ = {
			isa = XCBuildConfiguration;
			buildSettings = {
				ASSETCATALOG_COMPILER_APPICON_NAME = AppIcon;
				CODE_SIGN_STYLE = Automatic;
				INFOPLIST_FILE = TodoList/Info.plist;
				LD_RUNPATH_SEARCH_PATHS = "$(inherited) @executable_path/Frameworks";
				PRODUCT_BUNDLE_IDENTIFIER = ru.alexeygulyaev.TodoList;
				PRODUCT_NAME = "$(TARGET_NAME)";
				SWIFT_VERSION = 4.0;
				TARGETED_DEVICE_FAMILY = "1,2";
			};
			name = Debug;
		};
		D372A16A203F17A100D91086 /* Release */ = {
			isa = XCBuildConfiguration;
			buildSettings = {
				ASSETCATALOG_COMPILER_APPICON_NAME = AppIcon;
				CODE_SIGN_STYLE = Automatic;
				INFOPLIST_FILE = TodoList/Info.plist;
				LD_RUNPATH_SEARCH_PATHS = "$(inherited) @executable_path/Frameworks";
				PRODUCT_BUNDLE_IDENTIFIER = ru.alexeygulyaev.TodoList;
				PRODUCT_NAME = "$(TARGET_NAME)";
				SWIFT_VERSION = 4.0;
				TARGETED_DEVICE_FAMILY = "1,2";
			};
			name = Release;
		};
		D372A16C203F17A100D91086 /* Debug */ = {
			isa = XCBuildConfiguration;
			buildSettings = {
				ALWAYS_EMBED_SWIFT_STANDARD_LIBRARIES = YES;
				BUNDLE_LOADER = "$(TEST_HOST)";
				CODE_SIGN_STYLE = Automatic;
				INFOPLIST_FILE = TodoListTests/Info.plist;
				LD_RUNPATH_SEARCH_PATHS = "$(inherited) @executable_path/Frameworks @loader_path/Frameworks";
				PRODUCT_BUNDLE_IDENTIFIER = ru.alexeygulyaev.TodoListTests;
				PRODUCT_NAME = "$(TARGET_NAME)";
				SWIFT_VERSION = 4.0;
				TARGETED_DEVICE_FAMILY = "1,2";
				TEST_HOST = "$(BUILT_PRODUCTS_DIR)/TodoList.app/TodoList";
			};
			name = Debug;
		};
		D372A16D203F17A100D91086 /* Release */ = {
			isa = XCBuildConfiguration;
			buildSettings = {
				ALWAYS_EMBED_SWIFT_STANDARD_LIBRARIES = YES;
				BUNDLE_LOADER = "$(TEST_HOST)";
				CODE_SIGN_STYLE = Automatic;
				INFOPLIST_FILE = TodoListTests/Info.plist;
				LD_RUNPATH_SEARCH_PATHS = "$(inherited) @executable_path/Frameworks @loader_path/Frameworks";
				PRODUCT_BUNDLE_IDENTIFIER = ru.alexeygulyaev.TodoListTests;
				PRODUCT_NAME = "$(TARGET_NAME)";
				SWIFT_VERSION = 4.0;
				TARGETED_DEVICE_FAMILY = "1,2";
				TEST_HOST = "$(BUILT_PRODUCTS_DIR)/TodoList.app/TodoList";
			};
			name = Release;
		};
		D372A16F203F17A100D91086 /* Debug */ = {
			isa = XCBuildConfiguration;
			buildSettings = {
				ALWAYS_EMBED_SWIFT_STANDARD_LIBRARIES = YES;
				CODE_SIGN_STYLE = Automatic;
				INFOPLIST_FILE = TodoListUITests/Info.plist;
				LD_RUNPATH_SEARCH_PATHS = "$(inherited) @executable_path/Frameworks @loader_path/Frameworks";
				PRODUCT_BUNDLE_IDENTIFIER = ru.alexeygulyaev.TodoListUITests;
				PRODUCT_NAME = "$(TARGET_NAME)";
				SWIFT_VERSION = 4.0;
				TARGETED_DEVICE_FAMILY = "1,2";
				TEST_TARGET_NAME = TodoList;
			};
			name = Debug;
		};
		D372A170203F17A100D91086 /* Release */ = {
			isa = XCBuildConfiguration;
			buildSettings = {
				ALWAYS_EMBED_SWIFT_STANDARD_LIBRARIES = YES;
				CODE_SIGN_STYLE = Automatic;
				INFOPLIST_FILE = TodoListUITests/Info.plist;
				LD_RUNPATH_SEARCH_PATHS = "$(inherited) @executable_path/Frameworks @loader_path/Frameworks";
				PRODUCT_BUNDLE_IDENTIFIER = ru.alexeygulyaev.TodoListUITests;
				PRODUCT_NAME = "$(TARGET_NAME)";
				SWIFT_VERSION = 4.0;
				TARGETED_DEVICE_FAMILY = "1,2";
				TEST_TARGET_NAME = TodoList;
			};
			name = Release;
		};
/* End XCBuildConfiguration section */

/* Begin XCConfigurationList section */
		D372A13B203F17A000D91086 /* Build configuration list for PBXProject "TodoList" */ = {
			isa = XCConfigurationList;
			buildConfigurations = (
				D372A166203F17A100D91086 /* Debug */,
				D372A167203F17A100D91086 /* Release */,
			);
			defaultConfigurationIsVisible = 0;
			defaultConfigurationName = Release;
		};
		D372A168203F17A100D91086 /* Build configuration list for PBXNativeTarget "TodoList" */ = {
			isa = XCConfigurationList;
			buildConfigurations = (
				D372A169203F17A100D91086 /* Debug */,
				D372A16A203F17A100D91086 /* Release */,
			);
			defaultConfigurationIsVisible = 0;
			defaultConfigurationName = Release;
		};
		D372A16B203F17A100D91086 /* Build configuration list for PBXNativeTarget "TodoListTests" */ = {
			isa = XCConfigurationList;
			buildConfigurations = (
				D372A16C203F17A100D91086 /* Debug */,
				D372A16D203F17A100D91086 /* Release */,
			);
			defaultConfigurationIsVisible = 0;
			defaultConfigurationName = Release;
		};
		D372A16E203F17A100D91086 /* Build configuration list for PBXNativeTarget "TodoListUITests" */ = {
			isa = XCConfigurationList;
			buildConfigurations = (
				D372A16F203F17A100D91086 /* Debug */,
				D372A170203F17A100D91086 /* Release */,
			);
			defaultConfigurationIsVisible = 0;
			defaultConfigurationName = Release;
		};
/* End XCConfigurationList section */
	};
	rootObject = D372A138203F17A000D91086 /* Project object */;
}
